// !$*UTF8*$!
{
	archiveVersion = 1;
	classes = {
	};
	objectVersion = 56;
	objects = {

/* Begin PBXBuildFile section */
		4901595B294FCE8400B9C3E5 /* ImageModelThumbnail.swift in Sources */ = {isa = PBXBuildFile; fileRef = 4901595A294FCE8400B9C3E5 /* ImageModelThumbnail.swift */; };
		490A17A42960BA1D00ACA9FD /* CutCopyAction.swift in Sources */ = {isa = PBXBuildFile; fileRef = 490A17A32960BA1D00ACA9FD /* CutCopyAction.swift */; };
		490A17A82960DE9B00ACA9FD /* PasteAction.swift in Sources */ = {isa = PBXBuildFile; fileRef = 490A17A72960DE9B00ACA9FD /* PasteAction.swift */; };
		490A17AA29611DD900ACA9FD /* TextColors.swift in Sources */ = {isa = PBXBuildFile; fileRef = 490A17A929611DD900ACA9FD /* TextColors.swift */; };
		490A17AC29613FC600ACA9FD /* HelpCommandGroup.swift in Sources */ = {isa = PBXBuildFile; fileRef = 490A17AB29613FC600ACA9FD /* HelpCommandGroup.swift */; };
		490A642029C397CD00A1310C /* Sandbox.swift in Sources */ = {isa = PBXBuildFile; fileRef = 490A641F29C397CD00A1310C /* Sandbox.swift */; };
		4915D332296A3B5800B09AC9 /* ImageModelStringRep.swift in Sources */ = {isa = PBXBuildFile; fileRef = 4915D331296A3B5800B09AC9 /* ImageModelStringRep.swift */; };
		4915D334296A72A900B09AC9 /* UndoRedoCommandGroup.swift in Sources */ = {isa = PBXBuildFile; fileRef = 4915D333296A72A900B09AC9 /* UndoRedoCommandGroup.swift */; };
		4915D336296A73DF00B09AC9 /* UndoRedoAction.swift in Sources */ = {isa = PBXBuildFile; fileRef = 4915D335296A73DF00B09AC9 /* UndoRedoAction.swift */; };
		492175792949743E00A5EA83 /* OpenAction.swift in Sources */ = {isa = PBXBuildFile; fileRef = 492175782949743E00A5EA83 /* OpenAction.swift */; };
		4921757B2949863A00A5EA83 /* Gpx.swift in Sources */ = {isa = PBXBuildFile; fileRef = 4921757A2949863A00A5EA83 /* Gpx.swift */; };
		492719DE2A5CB5BE00451573 /* ImageInspectorForm.swift in Sources */ = {isa = PBXBuildFile; fileRef = 492719DD2A5CB5BE00451573 /* ImageInspectorForm.swift */; };
		492719E02A5CC7B100451573 /* ImageInspectorView.swift in Sources */ = {isa = PBXBuildFile; fileRef = 492719DF2A5CC7B100451573 /* ImageInspectorView.swift */; };
		492E3F602948361D0044C1F3 /* ImageView.swift in Sources */ = {isa = PBXBuildFile; fileRef = 492E3F5F2948361D0044C1F3 /* ImageView.swift */; };
		493E5F442A5B88B300B29DCF /* TableViewModel.swift in Sources */ = {isa = PBXBuildFile; fileRef = 493E5F432A5B88B300B29DCF /* TableViewModel.swift */; };
		493E5F462A5BA46200B29DCF /* AreYouSure.swift in Sources */ = {isa = PBXBuildFile; fileRef = 493E5F452A5BA46200B29DCF /* AreYouSure.swift */; };
		494FED0A29563B8D005FFC23 /* PasteboardCommandGroup.swift in Sources */ = {isa = PBXBuildFile; fileRef = 494FED0929563B8D005FFC23 /* PasteboardCommandGroup.swift */; };
		494FED102956BC97005FFC23 /* ClickMapView.swift in Sources */ = {isa = PBXBuildFile; fileRef = 494FED0F2956BC97005FFC23 /* ClickMapView.swift */; };
		4952EF0B2A5F2D0200277508 /* LatLonSectionView.swift in Sources */ = {isa = PBXBuildFile; fileRef = 4952EF0A2A5F2D0200277508 /* LatLonSectionView.swift */; };
		4953B7CC2954DE9F00B6B3B7 /* ContextMenuView.swift in Sources */ = {isa = PBXBuildFile; fileRef = 4953B7CB2954DE9F00B6B3B7 /* ContextMenuView.swift */; };
		4953B7D02954FC0800B6B3B7 /* NewItemCommandGroup.swift in Sources */ = {isa = PBXBuildFile; fileRef = 4953B7CF2954FC0800B6B3B7 /* NewItemCommandGroup.swift */; };
		495F2F63295EB1A5002A8A88 /* TableViewSelections.swift in Sources */ = {isa = PBXBuildFile; fileRef = 495F2F62295EB1A5002A8A88 /* TableViewSelections.swift */; };
		49630F0E2980BC00009FB418 /* ToolbarCommandGroup.swift in Sources */ = {isa = PBXBuildFile; fileRef = 49630F0D2980BC00009FB418 /* ToolbarCommandGroup.swift */; };
		4969ACA12963CC8500BBC219 /* AdjustTimezoneView.swift in Sources */ = {isa = PBXBuildFile; fileRef = 4969ACA02963CC8500BBC219 /* AdjustTimezoneView.swift */; };
		4977988A297F6F7F0081A776 /* PinAnnotationView.swift in Sources */ = {isa = PBXBuildFile; fileRef = 49779889297F6F7F0081A776 /* PinAnnotationView.swift */; };
		498A734C294E916700C62B14 /* SettingsView.swift in Sources */ = {isa = PBXBuildFile; fileRef = 498A734B294E916700C62B14 /* SettingsView.swift */; };
		498A734E294E949B00C62B14 /* AppSetting.swift in Sources */ = {isa = PBXBuildFile; fileRef = 498A734D294E949B00C62B14 /* AppSetting.swift */; };
		498A7350294EA4EE00C62B14 /* ImageTimestampColumnView.swift in Sources */ = {isa = PBXBuildFile; fileRef = 498A734F294EA4EE00C62B14 /* ImageTimestampColumnView.swift */; };
		498A7352294EA5A600C62B14 /* ImageLatitudeColumnView.swift in Sources */ = {isa = PBXBuildFile; fileRef = 498A7351294EA5A600C62B14 /* ImageLatitudeColumnView.swift */; };
		498A7356294EADC300C62B14 /* ImageLongitudeColumnView.swift in Sources */ = {isa = PBXBuildFile; fileRef = 498A7355294EADC300C62B14 /* ImageLongitudeColumnView.swift */; };
		498AE5AF294A6E430063B1C1 /* Sheets.swift in Sources */ = {isa = PBXBuildFile; fileRef = 498AE5AE294A6E430063B1C1 /* Sheets.swift */; };
		498AE5B1294AB78A0063B1C1 /* XmpPresenter.swift in Sources */ = {isa = PBXBuildFile; fileRef = 498AE5B0294AB78A0063B1C1 /* XmpPresenter.swift */; };
		498AE5B3294AD5D00063B1C1 /* Exiftool.swift in Sources */ = {isa = PBXBuildFile; fileRef = 498AE5B2294AD5D00063B1C1 /* Exiftool.swift */; };
		49901CEB2A5B6D8B00C28CAD /* RemoveBackupsAlert.swift in Sources */ = {isa = PBXBuildFile; fileRef = 49901CEA2A5B6D8B00C28CAD /* RemoveBackupsAlert.swift */; };
		49901CED2A5B71EB00C28CAD /* AppState.swift in Sources */ = {isa = PBXBuildFile; fileRef = 49901CEC2A5B71EB00C28CAD /* AppState.swift */; };
		49918F8629736652000D6590 /* Credits.rtf in Resources */ = {isa = PBXBuildFile; fileRef = 492E3F5D29481A7D0044C1F3 /* Credits.rtf */; };
		49A1326F294BFB9300F1B393 /* ExifTool in Resources */ = {isa = PBXBuildFile; fileRef = 49A1326E294BFB9300F1B393 /* ExifTool */; };
		49A13271294C040F00F1B393 /* ImageNameColumnView.swift in Sources */ = {isa = PBXBuildFile; fileRef = 49A13270294C040F00F1B393 /* ImageNameColumnView.swift */; };
		49A729B02953E72200DF1AAF /* DividerView.swift in Sources */ = {isa = PBXBuildFile; fileRef = 49A729AF2953E72200DF1AAF /* DividerView.swift */; };
		49A729B22953E7AA00DF1AAF /* ImageMapView.swift in Sources */ = {isa = PBXBuildFile; fileRef = 49A729B12953E7AA00DF1AAF /* ImageMapView.swift */; };
		49A99FBC296F6D5900392EEA /* PathView.swift in Sources */ = {isa = PBXBuildFile; fileRef = 49A99FBB296F6D5900392EEA /* PathView.swift */; };
		49A99FBE296F8B4B00392EEA /* BackupFolder.swift in Sources */ = {isa = PBXBuildFile; fileRef = 49A99FBD296F8B4B00392EEA /* BackupFolder.swift */; };
		49B039582944429E003B7C53 /* GeoTagApp.swift in Sources */ = {isa = PBXBuildFile; fileRef = 49B039572944429E003B7C53 /* GeoTagApp.swift */; };
		49B0395A2944429E003B7C53 /* ContentView.swift in Sources */ = {isa = PBXBuildFile; fileRef = 49B039592944429E003B7C53 /* ContentView.swift */; };
		49B0395C2944429F003B7C53 /* Assets.xcassets in Resources */ = {isa = PBXBuildFile; fileRef = 49B0395B2944429F003B7C53 /* Assets.xcassets */; };
		49B0395F2944429F003B7C53 /* Preview Assets.xcassets in Resources */ = {isa = PBXBuildFile; fileRef = 49B0395E2944429F003B7C53 /* Preview Assets.xcassets */; };
		49B0396929444855003B7C53 /* MapKit.framework in Frameworks */ = {isa = PBXBuildFile; fileRef = 49B0396829444855003B7C53 /* MapKit.framework */; };
		49B448232A5F298D002939C5 /* DateTimeSectionView.swift in Sources */ = {isa = PBXBuildFile; fileRef = 49B448222A5F298D002939C5 /* DateTimeSectionView.swift */; };
		49B4D34B2957D05D00A4BCFD /* DeleteAction.swift in Sources */ = {isa = PBXBuildFile; fileRef = 49B4D34A2957D05D00A4BCFD /* DeleteAction.swift */; };
		49B4D34D2957E21500A4BCFD /* ClearAction.swift in Sources */ = {isa = PBXBuildFile; fileRef = 49B4D34C2957E21500A4BCFD /* ClearAction.swift */; };
		49B9EDDD29493CC200574D18 /* ImageTableView.swift in Sources */ = {isa = PBXBuildFile; fileRef = 49B9EDDC29493CC200574D18 /* ImageTableView.swift */; };
		49B9EDDF29493D5600574D18 /* ImageModel.swift in Sources */ = {isa = PBXBuildFile; fileRef = 49B9EDDE29493D5600574D18 /* ImageModel.swift */; };
		49B9EDE129493F4000574D18 /* Coords.swift in Sources */ = {isa = PBXBuildFile; fileRef = 49B9EDE029493F4000574D18 /* Coords.swift */; };
		49BA299D296223F700B26F03 /* AppDelegate.swift in Sources */ = {isa = PBXBuildFile; fileRef = 49BA299C296223F700B26F03 /* AppDelegate.swift */; };
		49BA299F2962250200B26F03 /* WindowAccessor.swift in Sources */ = {isa = PBXBuildFile; fileRef = 49BA299E2962250200B26F03 /* WindowAccessor.swift */; };
		49BA29A32962285300B26F03 /* Updates.swift in Sources */ = {isa = PBXBuildFile; fileRef = 49BA29A22962285300B26F03 /* Updates.swift */; };
		49BA29A629622B5200B26F03 /* SaveItemCommandGroup.swift in Sources */ = {isa = PBXBuildFile; fileRef = 49BA29A529622B5200B26F03 /* SaveItemCommandGroup.swift */; };
		49BA29A82962370200B26F03 /* SaveAction.swift in Sources */ = {isa = PBXBuildFile; fileRef = 49BA29A72962370200B26F03 /* SaveAction.swift */; };
		49BA29AA296237C500B26F03 /* DiscardChangesAction.swift in Sources */ = {isa = PBXBuildFile; fileRef = 49BA29A9296237C500B26F03 /* DiscardChangesAction.swift */; };
		49BA29AC2962386200B26F03 /* DiscardTracksAction.swift in Sources */ = {isa = PBXBuildFile; fileRef = 49BA29AB2962386200B26F03 /* DiscardTracksAction.swift */; };
		49BA29AE29624E5400B26F03 /* ShowInFinderAction.swift in Sources */ = {isa = PBXBuildFile; fileRef = 49BA29AD29624E5400B26F03 /* ShowInFinderAction.swift */; };
		49BA29B029625D7400B26F03 /* LocnFromTrack.swift in Sources */ = {isa = PBXBuildFile; fileRef = 49BA29AF29625D7400B26F03 /* LocnFromTrack.swift */; };
		49BA29B22962676E00B26F03 /* GpxSearch.swift in Sources */ = {isa = PBXBuildFile; fileRef = 49BA29B12962676E00B26F03 /* GpxSearch.swift */; };
		49BD6C932966589E00905B43 /* TimeZoneHelper.swift in Sources */ = {isa = PBXBuildFile; fileRef = 49BD6C922966589E00905B43 /* TimeZoneHelper.swift */; };
		49C45BA72984851000CC7F0E /* MapViewModel.swift in Sources */ = {isa = PBXBuildFile; fileRef = 49C45BA62984851000CC7F0E /* MapViewModel.swift */; };
		49E29EFC2951009500804B74 /* MapPaneView.swift in Sources */ = {isa = PBXBuildFile; fileRef = 49E29EFB2951009500804B74 /* MapPaneView.swift */; };
		49E29EFE295100A600804B74 /* MapStyleView.swift in Sources */ = {isa = PBXBuildFile; fileRef = 49E29EFD295100A600804B74 /* MapStyleView.swift */; };
		49E29F002951011300804B74 /* MapView.swift in Sources */ = {isa = PBXBuildFile; fileRef = 49E29EFF2951011300804B74 /* MapView.swift */; };
		49E29F03295101D600804B74 /* MapSearchView.swift in Sources */ = {isa = PBXBuildFile; fileRef = 49E29F02295101D600804B74 /* MapSearchView.swift */; };
		49F5FAA02975F28C0070FC55 /* SelectAllAction.swift in Sources */ = {isa = PBXBuildFile; fileRef = 49F5FA9F2975F28C0070FC55 /* SelectAllAction.swift */; };
/* End PBXBuildFile section */

/* Begin PBXFileReference section */
		490114B5297117FD00193BD3 /* LICENSE */ = {isa = PBXFileReference; lastKnownFileType = text; path = LICENSE; sourceTree = "<group>"; };
		4901595A294FCE8400B9C3E5 /* ImageModelThumbnail.swift */ = {isa = PBXFileReference; lastKnownFileType = sourcecode.swift; path = ImageModelThumbnail.swift; sourceTree = "<group>"; };
		490A17A32960BA1D00ACA9FD /* CutCopyAction.swift */ = {isa = PBXFileReference; lastKnownFileType = sourcecode.swift; path = CutCopyAction.swift; sourceTree = "<group>"; };
		490A17A72960DE9B00ACA9FD /* PasteAction.swift */ = {isa = PBXFileReference; lastKnownFileType = sourcecode.swift; path = PasteAction.swift; sourceTree = "<group>"; };
		490A17A929611DD900ACA9FD /* TextColors.swift */ = {isa = PBXFileReference; lastKnownFileType = sourcecode.swift; path = TextColors.swift; sourceTree = "<group>"; };
		490A17AB29613FC600ACA9FD /* HelpCommandGroup.swift */ = {isa = PBXFileReference; lastKnownFileType = sourcecode.swift; path = HelpCommandGroup.swift; sourceTree = "<group>"; };
		490A641F29C397CD00A1310C /* Sandbox.swift */ = {isa = PBXFileReference; lastKnownFileType = sourcecode.swift; path = Sandbox.swift; sourceTree = "<group>"; };
		4915D331296A3B5800B09AC9 /* ImageModelStringRep.swift */ = {isa = PBXFileReference; lastKnownFileType = sourcecode.swift; path = ImageModelStringRep.swift; sourceTree = "<group>"; };
		4915D333296A72A900B09AC9 /* UndoRedoCommandGroup.swift */ = {isa = PBXFileReference; lastKnownFileType = sourcecode.swift; path = UndoRedoCommandGroup.swift; sourceTree = "<group>"; };
		4915D335296A73DF00B09AC9 /* UndoRedoAction.swift */ = {isa = PBXFileReference; lastKnownFileType = sourcecode.swift; path = UndoRedoAction.swift; sourceTree = "<group>"; };
		492175782949743E00A5EA83 /* OpenAction.swift */ = {isa = PBXFileReference; lastKnownFileType = sourcecode.swift; path = OpenAction.swift; sourceTree = "<group>"; };
		4921757A2949863A00A5EA83 /* Gpx.swift */ = {isa = PBXFileReference; fileEncoding = 4; lastKnownFileType = sourcecode.swift; path = Gpx.swift; sourceTree = "<group>"; };
		492719DD2A5CB5BE00451573 /* ImageInspectorForm.swift */ = {isa = PBXFileReference; lastKnownFileType = sourcecode.swift; path = ImageInspectorForm.swift; sourceTree = "<group>"; };
		492719DF2A5CC7B100451573 /* ImageInspectorView.swift */ = {isa = PBXFileReference; lastKnownFileType = sourcecode.swift; path = ImageInspectorView.swift; sourceTree = "<group>"; };
		492E3F5D29481A7D0044C1F3 /* Credits.rtf */ = {isa = PBXFileReference; fileEncoding = 4; lastKnownFileType = text.rtf; path = Credits.rtf; sourceTree = "<group>"; };
		492E3F5F2948361D0044C1F3 /* ImageView.swift */ = {isa = PBXFileReference; lastKnownFileType = sourcecode.swift; path = ImageView.swift; sourceTree = "<group>"; };
		493E5F432A5B88B300B29DCF /* TableViewModel.swift */ = {isa = PBXFileReference; lastKnownFileType = sourcecode.swift; path = TableViewModel.swift; sourceTree = "<group>"; };
		493E5F452A5BA46200B29DCF /* AreYouSure.swift */ = {isa = PBXFileReference; lastKnownFileType = sourcecode.swift; path = AreYouSure.swift; sourceTree = "<group>"; };
		494FED0929563B8D005FFC23 /* PasteboardCommandGroup.swift */ = {isa = PBXFileReference; lastKnownFileType = sourcecode.swift; path = PasteboardCommandGroup.swift; sourceTree = "<group>"; };
		494FED0F2956BC97005FFC23 /* ClickMapView.swift */ = {isa = PBXFileReference; fileEncoding = 4; lastKnownFileType = sourcecode.swift; path = ClickMapView.swift; sourceTree = "<group>"; };
		4952EF0A2A5F2D0200277508 /* LatLonSectionView.swift */ = {isa = PBXFileReference; lastKnownFileType = sourcecode.swift; path = LatLonSectionView.swift; sourceTree = "<group>"; };
		4953B7CB2954DE9F00B6B3B7 /* ContextMenuView.swift */ = {isa = PBXFileReference; lastKnownFileType = sourcecode.swift; path = ContextMenuView.swift; sourceTree = "<group>"; };
		4953B7CF2954FC0800B6B3B7 /* NewItemCommandGroup.swift */ = {isa = PBXFileReference; lastKnownFileType = sourcecode.swift; path = NewItemCommandGroup.swift; sourceTree = "<group>"; };
		495F2F62295EB1A5002A8A88 /* TableViewSelections.swift */ = {isa = PBXFileReference; lastKnownFileType = sourcecode.swift; path = TableViewSelections.swift; sourceTree = "<group>"; };
		49630F0D2980BC00009FB418 /* ToolbarCommandGroup.swift */ = {isa = PBXFileReference; lastKnownFileType = sourcecode.swift; path = ToolbarCommandGroup.swift; sourceTree = "<group>"; };
		4969ACA02963CC8500BBC219 /* AdjustTimezoneView.swift */ = {isa = PBXFileReference; lastKnownFileType = sourcecode.swift; path = AdjustTimezoneView.swift; sourceTree = "<group>"; };
		49779889297F6F7F0081A776 /* PinAnnotationView.swift */ = {isa = PBXFileReference; lastKnownFileType = sourcecode.swift; path = PinAnnotationView.swift; sourceTree = "<group>"; };
		498A734B294E916700C62B14 /* SettingsView.swift */ = {isa = PBXFileReference; lastKnownFileType = sourcecode.swift; path = SettingsView.swift; sourceTree = "<group>"; };
		498A734D294E949B00C62B14 /* AppSetting.swift */ = {isa = PBXFileReference; lastKnownFileType = sourcecode.swift; path = AppSetting.swift; sourceTree = "<group>"; };
		498A734F294EA4EE00C62B14 /* ImageTimestampColumnView.swift */ = {isa = PBXFileReference; lastKnownFileType = sourcecode.swift; path = ImageTimestampColumnView.swift; sourceTree = "<group>"; };
		498A7351294EA5A600C62B14 /* ImageLatitudeColumnView.swift */ = {isa = PBXFileReference; lastKnownFileType = sourcecode.swift; path = ImageLatitudeColumnView.swift; sourceTree = "<group>"; };
		498A7355294EADC300C62B14 /* ImageLongitudeColumnView.swift */ = {isa = PBXFileReference; lastKnownFileType = sourcecode.swift; path = ImageLongitudeColumnView.swift; sourceTree = "<group>"; };
		498AE5AE294A6E430063B1C1 /* Sheets.swift */ = {isa = PBXFileReference; lastKnownFileType = sourcecode.swift; path = Sheets.swift; sourceTree = "<group>"; };
		498AE5B0294AB78A0063B1C1 /* XmpPresenter.swift */ = {isa = PBXFileReference; fileEncoding = 4; lastKnownFileType = sourcecode.swift; path = XmpPresenter.swift; sourceTree = "<group>"; };
		498AE5B2294AD5D00063B1C1 /* Exiftool.swift */ = {isa = PBXFileReference; fileEncoding = 4; lastKnownFileType = sourcecode.swift; path = Exiftool.swift; sourceTree = "<group>"; };
		49901CEA2A5B6D8B00C28CAD /* RemoveBackupsAlert.swift */ = {isa = PBXFileReference; lastKnownFileType = sourcecode.swift; path = RemoveBackupsAlert.swift; sourceTree = "<group>"; };
		49901CEC2A5B71EB00C28CAD /* AppState.swift */ = {isa = PBXFileReference; lastKnownFileType = sourcecode.swift; path = AppState.swift; sourceTree = "<group>"; };
		49918F84297352AB000D6590 /* README */ = {isa = PBXFileReference; lastKnownFileType = text; path = README; sourceTree = "<group>"; };
		49918F8529735AE0000D6590 /* History */ = {isa = PBXFileReference; lastKnownFileType = text; path = History; sourceTree = "<group>"; };
		49A1326E294BFB9300F1B393 /* ExifTool */ = {isa = PBXFileReference; lastKnownFileType = folder; path = ExifTool; sourceTree = "<group>"; };
		49A13270294C040F00F1B393 /* ImageNameColumnView.swift */ = {isa = PBXFileReference; lastKnownFileType = sourcecode.swift; path = ImageNameColumnView.swift; sourceTree = "<group>"; };
		49A729AF2953E72200DF1AAF /* DividerView.swift */ = {isa = PBXFileReference; lastKnownFileType = sourcecode.swift; path = DividerView.swift; sourceTree = "<group>"; };
		49A729B12953E7AA00DF1AAF /* ImageMapView.swift */ = {isa = PBXFileReference; lastKnownFileType = sourcecode.swift; path = ImageMapView.swift; sourceTree = "<group>"; };
		49A99FBB296F6D5900392EEA /* PathView.swift */ = {isa = PBXFileReference; lastKnownFileType = sourcecode.swift; path = PathView.swift; sourceTree = "<group>"; };
		49A99FBD296F8B4B00392EEA /* BackupFolder.swift */ = {isa = PBXFileReference; fileEncoding = 4; lastKnownFileType = sourcecode.swift; path = BackupFolder.swift; sourceTree = "<group>"; };
		49B039542944429E003B7C53 /* GeoTag.app */ = {isa = PBXFileReference; explicitFileType = wrapper.application; includeInIndex = 0; path = GeoTag.app; sourceTree = BUILT_PRODUCTS_DIR; };
		49B039572944429E003B7C53 /* GeoTagApp.swift */ = {isa = PBXFileReference; lastKnownFileType = sourcecode.swift; path = GeoTagApp.swift; sourceTree = "<group>"; };
		49B039592944429E003B7C53 /* ContentView.swift */ = {isa = PBXFileReference; lastKnownFileType = sourcecode.swift; path = ContentView.swift; sourceTree = "<group>"; };
		49B0395B2944429F003B7C53 /* Assets.xcassets */ = {isa = PBXFileReference; lastKnownFileType = folder.assetcatalog; path = Assets.xcassets; sourceTree = "<group>"; };
		49B0395E2944429F003B7C53 /* Preview Assets.xcassets */ = {isa = PBXFileReference; lastKnownFileType = folder.assetcatalog; path = "Preview Assets.xcassets"; sourceTree = "<group>"; };
		49B039602944429F003B7C53 /* GeoTag.entitlements */ = {isa = PBXFileReference; lastKnownFileType = text.plist.entitlements; path = GeoTag.entitlements; sourceTree = "<group>"; };
		49B0396829444855003B7C53 /* MapKit.framework */ = {isa = PBXFileReference; lastKnownFileType = wrapper.framework; name = MapKit.framework; path = System/Library/Frameworks/MapKit.framework; sourceTree = SDKROOT; };
		49B0396A29444BD8003B7C53 /* Info.plist */ = {isa = PBXFileReference; lastKnownFileType = text.plist; path = Info.plist; sourceTree = "<group>"; };
		49B448222A5F298D002939C5 /* DateTimeSectionView.swift */ = {isa = PBXFileReference; lastKnownFileType = sourcecode.swift; path = DateTimeSectionView.swift; sourceTree = "<group>"; };
		49B4D34A2957D05D00A4BCFD /* DeleteAction.swift */ = {isa = PBXFileReference; lastKnownFileType = sourcecode.swift; path = DeleteAction.swift; sourceTree = "<group>"; };
		49B4D34C2957E21500A4BCFD /* ClearAction.swift */ = {isa = PBXFileReference; lastKnownFileType = sourcecode.swift; path = ClearAction.swift; sourceTree = "<group>"; };
		49B9EDDC29493CC200574D18 /* ImageTableView.swift */ = {isa = PBXFileReference; lastKnownFileType = sourcecode.swift; path = ImageTableView.swift; sourceTree = "<group>"; };
		49B9EDDE29493D5600574D18 /* ImageModel.swift */ = {isa = PBXFileReference; lastKnownFileType = sourcecode.swift; path = ImageModel.swift; sourceTree = "<group>"; };
		49B9EDE029493F4000574D18 /* Coords.swift */ = {isa = PBXFileReference; fileEncoding = 4; lastKnownFileType = sourcecode.swift; path = Coords.swift; sourceTree = "<group>"; };
		49BA299C296223F700B26F03 /* AppDelegate.swift */ = {isa = PBXFileReference; lastKnownFileType = sourcecode.swift; path = AppDelegate.swift; sourceTree = "<group>"; };
		49BA299E2962250200B26F03 /* WindowAccessor.swift */ = {isa = PBXFileReference; lastKnownFileType = sourcecode.swift; path = WindowAccessor.swift; sourceTree = "<group>"; };
		49BA29A22962285300B26F03 /* Updates.swift */ = {isa = PBXFileReference; lastKnownFileType = sourcecode.swift; path = Updates.swift; sourceTree = "<group>"; };
		49BA29A42962296600B26F03 /* To Do */ = {isa = PBXFileReference; lastKnownFileType = text; path = "To Do"; sourceTree = "<group>"; };
		49BA29A529622B5200B26F03 /* SaveItemCommandGroup.swift */ = {isa = PBXFileReference; lastKnownFileType = sourcecode.swift; path = SaveItemCommandGroup.swift; sourceTree = "<group>"; };
		49BA29A72962370200B26F03 /* SaveAction.swift */ = {isa = PBXFileReference; lastKnownFileType = sourcecode.swift; path = SaveAction.swift; sourceTree = "<group>"; };
		49BA29A9296237C500B26F03 /* DiscardChangesAction.swift */ = {isa = PBXFileReference; lastKnownFileType = sourcecode.swift; path = DiscardChangesAction.swift; sourceTree = "<group>"; };
		49BA29AB2962386200B26F03 /* DiscardTracksAction.swift */ = {isa = PBXFileReference; lastKnownFileType = sourcecode.swift; path = DiscardTracksAction.swift; sourceTree = "<group>"; };
		49BA29AD29624E5400B26F03 /* ShowInFinderAction.swift */ = {isa = PBXFileReference; lastKnownFileType = sourcecode.swift; path = ShowInFinderAction.swift; sourceTree = "<group>"; };
		49BA29AF29625D7400B26F03 /* LocnFromTrack.swift */ = {isa = PBXFileReference; lastKnownFileType = sourcecode.swift; path = LocnFromTrack.swift; sourceTree = "<group>"; };
		49BA29B12962676E00B26F03 /* GpxSearch.swift */ = {isa = PBXFileReference; lastKnownFileType = sourcecode.swift; path = GpxSearch.swift; sourceTree = "<group>"; };
		49BD6C922966589E00905B43 /* TimeZoneHelper.swift */ = {isa = PBXFileReference; lastKnownFileType = sourcecode.swift; path = TimeZoneHelper.swift; sourceTree = "<group>"; };
		49C45BA62984851000CC7F0E /* MapViewModel.swift */ = {isa = PBXFileReference; lastKnownFileType = sourcecode.swift; path = MapViewModel.swift; sourceTree = "<group>"; };
		49E29EFB2951009500804B74 /* MapPaneView.swift */ = {isa = PBXFileReference; lastKnownFileType = sourcecode.swift; path = MapPaneView.swift; sourceTree = "<group>"; };
		49E29EFD295100A600804B74 /* MapStyleView.swift */ = {isa = PBXFileReference; lastKnownFileType = sourcecode.swift; path = MapStyleView.swift; sourceTree = "<group>"; };
		49E29EFF2951011300804B74 /* MapView.swift */ = {isa = PBXFileReference; fileEncoding = 4; lastKnownFileType = sourcecode.swift; path = MapView.swift; sourceTree = "<group>"; };
		49E29F02295101D600804B74 /* MapSearchView.swift */ = {isa = PBXFileReference; lastKnownFileType = sourcecode.swift; path = MapSearchView.swift; sourceTree = "<group>"; };
		49F52A4D29AAD45E0037CAC7 /* .swiftlint.yml */ = {isa = PBXFileReference; lastKnownFileType = text.yaml; path = .swiftlint.yml; sourceTree = "<group>"; };
		49F5FA9F2975F28C0070FC55 /* SelectAllAction.swift */ = {isa = PBXFileReference; lastKnownFileType = sourcecode.swift; path = SelectAllAction.swift; sourceTree = "<group>"; };
/* End PBXFileReference section */

/* Begin PBXFrameworksBuildPhase section */
		49B039512944429E003B7C53 /* Frameworks */ = {
			isa = PBXFrameworksBuildPhase;
			buildActionMask = 2147483647;
			files = (
				49B0396929444855003B7C53 /* MapKit.framework in Frameworks */,
			);
			runOnlyForDeploymentPostprocessing = 0;
		};
/* End PBXFrameworksBuildPhase section */

/* Begin PBXGroup section */
		4969AC9E2963CC1000BBC219 /* Adjust Time Zone Group */ = {
			isa = PBXGroup;
			children = (
				4969ACA02963CC8500BBC219 /* AdjustTimezoneView.swift */,
				49BD6C922966589E00905B43 /* TimeZoneHelper.swift */,
			);
			name = "Adjust Time Zone Group";
			sourceTree = "<group>";
		};
		49777FEF29830D6900ECD5BF /* GPX  Group */ = {
			isa = PBXGroup;
			children = (
				4921757A2949863A00A5EA83 /* Gpx.swift */,
				49BA29B12962676E00B26F03 /* GpxSearch.swift */,
			);
			name = "GPX  Group";
			sourceTree = "<group>";
		};
		498A7354294EA67A00C62B14 /* Image Table Group */ = {
			isa = PBXGroup;
			children = (
				49B9EDDC29493CC200574D18 /* ImageTableView.swift */,
				4953B7CB2954DE9F00B6B3B7 /* ContextMenuView.swift */,
				49A13270294C040F00F1B393 /* ImageNameColumnView.swift */,
				498A734F294EA4EE00C62B14 /* ImageTimestampColumnView.swift */,
				498A7351294EA5A600C62B14 /* ImageLatitudeColumnView.swift */,
				498A7355294EADC300C62B14 /* ImageLongitudeColumnView.swift */,
				490A17A929611DD900ACA9FD /* TextColors.swift */,
			);
			name = "Image Table Group";
			sourceTree = "<group>";
		};
		498A735A294EC5F800C62B14 /* App Group */ = {
			isa = PBXGroup;
			children = (
				49B0396A29444BD8003B7C53 /* Info.plist */,
				49B039572944429E003B7C53 /* GeoTagApp.swift */,
				49BA299C296223F700B26F03 /* AppDelegate.swift */,
				49901CEC2A5B71EB00C28CAD /* AppState.swift */,
				493E5F432A5B88B300B29DCF /* TableViewModel.swift */,
				495F2F62295EB1A5002A8A88 /* TableViewSelections.swift */,
				49BA29A22962285300B26F03 /* Updates.swift */,
				49BA299E2962250200B26F03 /* WindowAccessor.swift */,
			);
			name = "App Group";
			sourceTree = "<group>";
		};
		498A735B294EC78700C62B14 /* Settings Group */ = {
			isa = PBXGroup;
			children = (
				498A734D294E949B00C62B14 /* AppSetting.swift */,
				498A734B294E916700C62B14 /* SettingsView.swift */,
				49A99FBB296F6D5900392EEA /* PathView.swift */,
			);
			name = "Settings Group";
			sourceTree = "<group>";
		};
		498A735C294EC7BC00C62B14 /* Image Model Group */ = {
			isa = PBXGroup;
			children = (
				49B9EDDE29493D5600574D18 /* ImageModel.swift */,
				4901595A294FCE8400B9C3E5 /* ImageModelThumbnail.swift */,
				4915D331296A3B5800B09AC9 /* ImageModelStringRep.swift */,
				49B9EDE029493F4000574D18 /* Coords.swift */,
				498AE5B0294AB78A0063B1C1 /* XmpPresenter.swift */,
				498AE5B2294AD5D00063B1C1 /* Exiftool.swift */,
				490A641F29C397CD00A1310C /* Sandbox.swift */,
			);
			name = "Image Model Group";
			sourceTree = "<group>";
		};
		498A735D294EC7D800C62B14 /* Content View Group */ = {
			isa = PBXGroup;
			children = (
				49B039592944429E003B7C53 /* ContentView.swift */,
				49901CEA2A5B6D8B00C28CAD /* RemoveBackupsAlert.swift */,
				493E5F452A5BA46200B29DCF /* AreYouSure.swift */,
				49A729B12953E7AA00DF1AAF /* ImageMapView.swift */,
				49A729AF2953E72200DF1AAF /* DividerView.swift */,
				498AE5AE294A6E430063B1C1 /* Sheets.swift */,
				492719DF2A5CC7B100451573 /* ImageInspectorView.swift */,
				492719DD2A5CB5BE00451573 /* ImageInspectorForm.swift */,
				49B448222A5F298D002939C5 /* DateTimeSectionView.swift */,
				4952EF0A2A5F2D0200277508 /* LatLonSectionView.swift */,
			);
			name = "Content View Group";
			sourceTree = "<group>";
		};
		49B0394B2944429E003B7C53 = {
			isa = PBXGroup;
			children = (
				49BA29A42962296600B26F03 /* To Do */,
				49918F84297352AB000D6590 /* README */,
				49918F8529735AE0000D6590 /* History */,
				490114B5297117FD00193BD3 /* LICENSE */,
				49F52A4D29AAD45E0037CAC7 /* .swiftlint.yml */,
				49A1326E294BFB9300F1B393 /* ExifTool */,
				49B039562944429E003B7C53 /* GeoTag */,
				49B039552944429E003B7C53 /* Products */,
				49B0396729444855003B7C53 /* Frameworks */,
			);
			sourceTree = "<group>";
		};
		49B039552944429E003B7C53 /* Products */ = {
			isa = PBXGroup;
			children = (
				49B039542944429E003B7C53 /* GeoTag.app */,
			);
			name = Products;
			sourceTree = "<group>";
		};
		49B039562944429E003B7C53 /* GeoTag */ = {
			isa = PBXGroup;
			children = (
				498A735A294EC5F800C62B14 /* App Group */,
				4969AC9E2963CC1000BBC219 /* Adjust Time Zone Group */,
				49FFC5BF2984F0EE00501D08 /* Menu Commands Group */,
				49FFC5C02984F11C00501D08 /* Menu Actions Group */,
				49777FEF29830D6900ECD5BF /* GPX  Group */,
				498A735C294EC7BC00C62B14 /* Image Model Group */,
				498A735B294EC78700C62B14 /* Settings Group */,
				498A735D294EC7D800C62B14 /* Content View Group */,
				498A7354294EA67A00C62B14 /* Image Table Group */,
				492E3F5F2948361D0044C1F3 /* ImageView.swift */,
				49E29F012951012400804B74 /* Map View Group */,
				492E3F5D29481A7D0044C1F3 /* Credits.rtf */,
				49B0395B2944429F003B7C53 /* Assets.xcassets */,
				49B039602944429F003B7C53 /* GeoTag.entitlements */,
				49B0395D2944429F003B7C53 /* Preview Content */,
			);
			path = GeoTag;
			sourceTree = "<group>";
		};
		49B0395D2944429F003B7C53 /* Preview Content */ = {
			isa = PBXGroup;
			children = (
				49B0395E2944429F003B7C53 /* Preview Assets.xcassets */,
			);
			path = "Preview Content";
			sourceTree = "<group>";
		};
		49B0396729444855003B7C53 /* Frameworks */ = {
			isa = PBXGroup;
			children = (
				49B0396829444855003B7C53 /* MapKit.framework */,
			);
			name = Frameworks;
			sourceTree = "<group>";
		};
		49E29F012951012400804B74 /* Map View Group */ = {
			isa = PBXGroup;
			children = (
				49C45BA62984851000CC7F0E /* MapViewModel.swift */,
				49E29EFB2951009500804B74 /* MapPaneView.swift */,
				49E29EFD295100A600804B74 /* MapStyleView.swift */,
				49E29EFF2951011300804B74 /* MapView.swift */,
				49779889297F6F7F0081A776 /* PinAnnotationView.swift */,
				494FED0F2956BC97005FFC23 /* ClickMapView.swift */,
				49E29F02295101D600804B74 /* MapSearchView.swift */,
			);
			name = "Map View Group";
			sourceTree = "<group>";
		};
		49FFC5BF2984F0EE00501D08 /* Menu Commands Group */ = {
			isa = PBXGroup;
			children = (
				4953B7CF2954FC0800B6B3B7 /* NewItemCommandGroup.swift */,
				49BA29A529622B5200B26F03 /* SaveItemCommandGroup.swift */,
				4915D333296A72A900B09AC9 /* UndoRedoCommandGroup.swift */,
				494FED0929563B8D005FFC23 /* PasteboardCommandGroup.swift */,
				49630F0D2980BC00009FB418 /* ToolbarCommandGroup.swift */,
				490A17AB29613FC600ACA9FD /* HelpCommandGroup.swift */,
			);
			name = "Menu Commands Group";
			sourceTree = "<group>";
		};
		49FFC5C02984F11C00501D08 /* Menu Actions Group */ = {
			isa = PBXGroup;
			children = (
				492175782949743E00A5EA83 /* OpenAction.swift */,
				49BA29A72962370200B26F03 /* SaveAction.swift */,
				49A99FBD296F8B4B00392EEA /* BackupFolder.swift */,
				49BA29A9296237C500B26F03 /* DiscardChangesAction.swift */,
				49BA29AB2962386200B26F03 /* DiscardTracksAction.swift */,
				4915D335296A73DF00B09AC9 /* UndoRedoAction.swift */,
				490A17A32960BA1D00ACA9FD /* CutCopyAction.swift */,
				490A17A72960DE9B00ACA9FD /* PasteAction.swift */,
				49B4D34A2957D05D00A4BCFD /* DeleteAction.swift */,
				49F5FA9F2975F28C0070FC55 /* SelectAllAction.swift */,
				49B4D34C2957E21500A4BCFD /* ClearAction.swift */,
				49BA29AD29624E5400B26F03 /* ShowInFinderAction.swift */,
				49BA29AF29625D7400B26F03 /* LocnFromTrack.swift */,
			);
			name = "Menu Actions Group";
			sourceTree = "<group>";
		};
/* End PBXGroup section */

/* Begin PBXNativeTarget section */
		49B039532944429E003B7C53 /* GeoTag */ = {
			isa = PBXNativeTarget;
			buildConfigurationList = 49B039632944429F003B7C53 /* Build configuration list for PBXNativeTarget "GeoTag" */;
			buildPhases = (
				49B039502944429E003B7C53 /* Sources */,
				49B039512944429E003B7C53 /* Frameworks */,
				49B039522944429E003B7C53 /* Resources */,
				49B03966294444C9003B7C53 /* ShellScript */,
				49F52A4C29AAACED0037CAC7 /* Run swiftlint */,
			);
			buildRules = (
			);
			dependencies = (
			);
			name = GeoTag;
			productName = GeoTag;
			productReference = 49B039542944429E003B7C53 /* GeoTag.app */;
			productType = "com.apple.product-type.application";
		};
/* End PBXNativeTarget section */

/* Begin PBXProject section */
		49B0394C2944429E003B7C53 /* Project object */ = {
			isa = PBXProject;
			attributes = {
				BuildIndependentTargetsInParallel = 1;
				LastSwiftUpdateCheck = 1410;
				LastUpgradeCheck = 1500;
				TargetAttributes = {
					49B039532944429E003B7C53 = {
						CreatedOnToolsVersion = 14.1;
					};
				};
			};
			buildConfigurationList = 49B0394F2944429E003B7C53 /* Build configuration list for PBXProject "GeoTag" */;
			compatibilityVersion = "Xcode 14.0";
			developmentRegion = en;
			hasScannedForEncodings = 0;
			knownRegions = (
				en,
				Base,
			);
			mainGroup = 49B0394B2944429E003B7C53;
			productRefGroup = 49B039552944429E003B7C53 /* Products */;
			projectDirPath = "";
			projectRoot = "";
			targets = (
				49B039532944429E003B7C53 /* GeoTag */,
			);
		};
/* End PBXProject section */

/* Begin PBXResourcesBuildPhase section */
		49B039522944429E003B7C53 /* Resources */ = {
			isa = PBXResourcesBuildPhase;
			buildActionMask = 2147483647;
			files = (
				49918F8629736652000D6590 /* Credits.rtf in Resources */,
				49A1326F294BFB9300F1B393 /* ExifTool in Resources */,
				49B0395F2944429F003B7C53 /* Preview Assets.xcassets in Resources */,
				49B0395C2944429F003B7C53 /* Assets.xcassets in Resources */,
			);
			runOnlyForDeploymentPostprocessing = 0;
		};
/* End PBXResourcesBuildPhase section */

/* Begin PBXShellScriptBuildPhase section */
		49B03966294444C9003B7C53 /* ShellScript */ = {
			isa = PBXShellScriptBuildPhase;
			alwaysOutOfDate = 1;
			buildActionMask = 2147483647;
			files = (
			);
			inputFileListPaths = (
			);
			inputPaths = (
				"${TARGET_BUILD_DIR}/${INFOPLIST_PATH}",
			);
			outputFileListPaths = (
			);
			outputPaths = (
			);
			runOnlyForDeploymentPostprocessing = 0;
			shellPath = /bin/sh;
			shellScript = "#!/bin/bash\n\n# This script automatically sets the version and short version string of\n# an Xcode project from the Git repository containing the project.\n#\n# To use this script in Xcode, add the script's path to a \"Run Script\" build\n# phase for your application target.\n\nset -o errexit\nset -o nounset\n\n# First, check for git in $PATH\nhash git 2>/dev/null || { echo >&2 \"Git required, not in path.  Aborting build number update script.\"; exit 0; }\n\n# Run Script build phases that operate on product files of the target that defines them should use the value of this\n# build setting [TARGET_BUILD_DIR].\nINFO_PLIST=\"${TARGET_BUILD_DIR}/${INFOPLIST_PATH}\"\n\n# Build version (closest-tag-or-branch \"-\" commits-since-tag \"-\" short-hash dirty-flag)\n# Bundle version starts with the total number of commits\nBUILD_VERSION=$(git describe --tags --always --dirty=+)\nBUNDLE_VERSION=$(git rev-list --count HEAD)\n\n# Use the latest tag for short version (expected tag format \"vn[.n[.n]]\")\n# or if there are no tags, we make up version 0.0.<commit count>\nLATEST_TAG=$(git describe --tags --match 'v*' --abbrev=0 2>/dev/null) || LATEST_TAG=\"HEAD\"\nif [ $LATEST_TAG = \"HEAD\" ]; then\n    SHORT_VERSION=\"0.0.$BUNDLE_VERSION\"\nelse\n    COMMIT_COUNT_SINCE_TAG=$(git rev-list --count ${LATEST_TAG}..HEAD)\n    SHORT_VERSION=${LATEST_TAG##v}\n    if [ ${COMMIT_COUNT_SINCE_TAG} -ne \"0\" ]; then\n        SHORT_VERSION=\"${SHORT_VERSION}.${COMMIT_COUNT_SINCE_TAG}\"\n    fi\nfi\n\n# Append a \".1\" to the bundle version if the working dir is dirty\nif [ -n \"$(git status --porcelain)\" ]; then\n    BUNDLE_VERSION=\"${BUNDLE_VERSION}.1\"\nfi\n\n# For debugging:\necho \"BUILD VERSION: $BUILD_VERSION\"\necho \"LATEST_TAG: $LATEST_TAG\"\necho \"SHORT VERSION: $SHORT_VERSION\"\necho \"BUNDLE_VERSION: $BUNDLE_VERSION\"\n\n/usr/libexec/PlistBuddy -c \"Add :CFBundleBuildVersion string $BUILD_VERSION\" \"$INFO_PLIST\" 2>/dev/null || /usr/libexec/PlistBuddy -c \"Set :CFBundleBuildVersion $BUILD_VERSION\" \"$INFO_PLIST\"\n/usr/libexec/PlistBuddy -c \"Set :CFBundleShortVersionString $SHORT_VERSION\" \"$INFO_PLIST\"\n/usr/libexec/PlistBuddy -c \"Set :CFBundleVersion $BUNDLE_VERSION\" \"$INFO_PLIST\"\n";
		};
		49F52A4C29AAACED0037CAC7 /* Run swiftlint */ = {
			isa = PBXShellScriptBuildPhase;
			alwaysOutOfDate = 1;
			buildActionMask = 2147483647;
			files = (
			);
			inputFileListPaths = (
			);
			inputPaths = (
			);
			name = "Run swiftlint";
			outputFileListPaths = (
			);
			outputPaths = (
			);
			runOnlyForDeploymentPostprocessing = 0;
			shellPath = /bin/sh;
			shellScript = "# Type a script or drag a script file from your workspace to insert its path.\nif which swiftlint > /dev/null; then\n  swiftlint\nelse\n  echo \"warning: SwiftLint not installed, download from https://github.com/realm/SwiftLint\"\nfi\n";
		};
/* End PBXShellScriptBuildPhase section */

/* Begin PBXSourcesBuildPhase section */
		49B039502944429E003B7C53 /* Sources */ = {
			isa = PBXSourcesBuildPhase;
			buildActionMask = 2147483647;
			files = (
				498A734C294E916700C62B14 /* SettingsView.swift in Sources */,
				498A7350294EA4EE00C62B14 /* ImageTimestampColumnView.swift in Sources */,
				490A17AA29611DD900ACA9FD /* TextColors.swift in Sources */,
				49BA299F2962250200B26F03 /* WindowAccessor.swift in Sources */,
				49BA29A82962370200B26F03 /* SaveAction.swift in Sources */,
				494FED102956BC97005FFC23 /* ClickMapView.swift in Sources */,
				492E3F602948361D0044C1F3 /* ImageView.swift in Sources */,
				498AE5B1294AB78A0063B1C1 /* XmpPresenter.swift in Sources */,
				498AE5AF294A6E430063B1C1 /* Sheets.swift in Sources */,
				4952EF0B2A5F2D0200277508 /* LatLonSectionView.swift in Sources */,
				4921757B2949863A00A5EA83 /* Gpx.swift in Sources */,
				498A7352294EA5A600C62B14 /* ImageLatitudeColumnView.swift in Sources */,
				493E5F442A5B88B300B29DCF /* TableViewModel.swift in Sources */,
				490A17A42960BA1D00ACA9FD /* CutCopyAction.swift in Sources */,
				49E29EFE295100A600804B74 /* MapStyleView.swift in Sources */,
				49B9EDDF29493D5600574D18 /* ImageModel.swift in Sources */,
				49BA29A32962285300B26F03 /* Updates.swift in Sources */,
				4901595B294FCE8400B9C3E5 /* ImageModelThumbnail.swift in Sources */,
				498A7356294EADC300C62B14 /* ImageLongitudeColumnView.swift in Sources */,
				49E29EFC2951009500804B74 /* MapPaneView.swift in Sources */,
				49B4D34B2957D05D00A4BCFD /* DeleteAction.swift in Sources */,
				49630F0E2980BC00009FB418 /* ToolbarCommandGroup.swift in Sources */,
				49E29F002951011300804B74 /* MapView.swift in Sources */,
				49BA29AE29624E5400B26F03 /* ShowInFinderAction.swift in Sources */,
				49BA299D296223F700B26F03 /* AppDelegate.swift in Sources */,
				49B9EDDD29493CC200574D18 /* ImageTableView.swift in Sources */,
				490A642029C397CD00A1310C /* Sandbox.swift in Sources */,
				49B4D34D2957E21500A4BCFD /* ClearAction.swift in Sources */,
				494FED0A29563B8D005FFC23 /* PasteboardCommandGroup.swift in Sources */,
				49BA29A629622B5200B26F03 /* SaveItemCommandGroup.swift in Sources */,
				49F5FAA02975F28C0070FC55 /* SelectAllAction.swift in Sources */,
				4915D336296A73DF00B09AC9 /* UndoRedoAction.swift in Sources */,
				493E5F462A5BA46200B29DCF /* AreYouSure.swift in Sources */,
				492719DE2A5CB5BE00451573 /* ImageInspectorForm.swift in Sources */,
				4953B7CC2954DE9F00B6B3B7 /* ContextMenuView.swift in Sources */,
				49BA29AC2962386200B26F03 /* DiscardTracksAction.swift in Sources */,
				49901CEB2A5B6D8B00C28CAD /* RemoveBackupsAlert.swift in Sources */,
				490A17AC29613FC600ACA9FD /* HelpCommandGroup.swift in Sources */,
				49901CED2A5B71EB00C28CAD /* AppState.swift in Sources */,
				49A729B22953E7AA00DF1AAF /* ImageMapView.swift in Sources */,
				49BA29B029625D7400B26F03 /* LocnFromTrack.swift in Sources */,
				49A729B02953E72200DF1AAF /* DividerView.swift in Sources */,
				49BA29B22962676E00B26F03 /* GpxSearch.swift in Sources */,
				4969ACA12963CC8500BBC219 /* AdjustTimezoneView.swift in Sources */,
				49E29F03295101D600804B74 /* MapSearchView.swift in Sources */,
				492175792949743E00A5EA83 /* OpenAction.swift in Sources */,
				4977988A297F6F7F0081A776 /* PinAnnotationView.swift in Sources */,
				49B9EDE129493F4000574D18 /* Coords.swift in Sources */,
				498A734E294E949B00C62B14 /* AppSetting.swift in Sources */,
				49A99FBE296F8B4B00392EEA /* BackupFolder.swift in Sources */,
				49BA29AA296237C500B26F03 /* DiscardChangesAction.swift in Sources */,
				492719E02A5CC7B100451573 /* ImageInspectorView.swift in Sources */,
				4915D332296A3B5800B09AC9 /* ImageModelStringRep.swift in Sources */,
				495F2F63295EB1A5002A8A88 /* TableViewSelections.swift in Sources */,
				490A17A82960DE9B00ACA9FD /* PasteAction.swift in Sources */,
				49A13271294C040F00F1B393 /* ImageNameColumnView.swift in Sources */,
				4953B7D02954FC0800B6B3B7 /* NewItemCommandGroup.swift in Sources */,
				49C45BA72984851000CC7F0E /* MapViewModel.swift in Sources */,
				49B0395A2944429E003B7C53 /* ContentView.swift in Sources */,
				498AE5B3294AD5D00063B1C1 /* Exiftool.swift in Sources */,
				49B448232A5F298D002939C5 /* DateTimeSectionView.swift in Sources */,
				4915D334296A72A900B09AC9 /* UndoRedoCommandGroup.swift in Sources */,
				49BD6C932966589E00905B43 /* TimeZoneHelper.swift in Sources */,
				49B039582944429E003B7C53 /* GeoTagApp.swift in Sources */,
				49A99FBC296F6D5900392EEA /* PathView.swift in Sources */,
			);
			runOnlyForDeploymentPostprocessing = 0;
		};
/* End PBXSourcesBuildPhase section */

/* Begin XCBuildConfiguration section */
		49B039612944429F003B7C53 /* Debug */ = {
			isa = XCBuildConfiguration;
			buildSettings = {
				ALWAYS_SEARCH_USER_PATHS = NO;
				ASSETCATALOG_COMPILER_GENERATE_SWIFT_ASSET_SYMBOL_EXTENSIONS = YES;
				CLANG_ANALYZER_NONNULL = YES;
				CLANG_ANALYZER_NUMBER_OBJECT_CONVERSION = YES_AGGRESSIVE;
				CLANG_CXX_LANGUAGE_STANDARD = "gnu++20";
				CLANG_ENABLE_MODULES = YES;
				CLANG_ENABLE_OBJC_ARC = YES;
				CLANG_ENABLE_OBJC_WEAK = YES;
				CLANG_WARN_BLOCK_CAPTURE_AUTORELEASING = YES;
				CLANG_WARN_BOOL_CONVERSION = YES;
				CLANG_WARN_COMMA = YES;
				CLANG_WARN_CONSTANT_CONVERSION = YES;
				CLANG_WARN_DEPRECATED_OBJC_IMPLEMENTATIONS = YES;
				CLANG_WARN_DIRECT_OBJC_ISA_USAGE = YES_ERROR;
				CLANG_WARN_DOCUMENTATION_COMMENTS = YES;
				CLANG_WARN_EMPTY_BODY = YES;
				CLANG_WARN_ENUM_CONVERSION = YES;
				CLANG_WARN_INFINITE_RECURSION = YES;
				CLANG_WARN_INT_CONVERSION = YES;
				CLANG_WARN_NON_LITERAL_NULL_CONVERSION = YES;
				CLANG_WARN_OBJC_IMPLICIT_RETAIN_SELF = YES;
				CLANG_WARN_OBJC_LITERAL_CONVERSION = YES;
				CLANG_WARN_OBJC_ROOT_CLASS = YES_ERROR;
				CLANG_WARN_QUOTED_INCLUDE_IN_FRAMEWORK_HEADER = YES;
				CLANG_WARN_RANGE_LOOP_ANALYSIS = YES;
				CLANG_WARN_STRICT_PROTOTYPES = YES;
				CLANG_WARN_SUSPICIOUS_MOVE = YES;
				CLANG_WARN_UNGUARDED_AVAILABILITY = YES_AGGRESSIVE;
				CLANG_WARN_UNREACHABLE_CODE = YES;
				CLANG_WARN__DUPLICATE_METHOD_MATCH = YES;
				COPY_PHASE_STRIP = NO;
				DEAD_CODE_STRIPPING = YES;
				DEBUG_INFORMATION_FORMAT = dwarf;
				ENABLE_STRICT_OBJC_MSGSEND = YES;
				ENABLE_TESTABILITY = YES;
				GCC_C_LANGUAGE_STANDARD = gnu11;
				GCC_DYNAMIC_NO_PIC = NO;
				GCC_NO_COMMON_BLOCKS = YES;
				GCC_OPTIMIZATION_LEVEL = 0;
				GCC_PREPROCESSOR_DEFINITIONS = (
					"DEBUG=1",
					"$(inherited)",
				);
				GCC_WARN_64_TO_32_BIT_CONVERSION = YES;
				GCC_WARN_ABOUT_DEPRECATED_FUNCTIONS = YES;
				GCC_WARN_ABOUT_RETURN_TYPE = YES_ERROR;
				GCC_WARN_UNDECLARED_SELECTOR = YES;
				GCC_WARN_UNINITIALIZED_AUTOS = YES_AGGRESSIVE;
				GCC_WARN_UNUSED_FUNCTION = YES;
				GCC_WARN_UNUSED_VARIABLE = YES;
				MACOSX_DEPLOYMENT_TARGET = 14.0;
				MTL_ENABLE_DEBUG_INFO = INCLUDE_SOURCE;
				MTL_FAST_MATH = YES;
				ONLY_ACTIVE_ARCH = YES;
				SDKROOT = macosx;
				SWIFT_ACTIVE_COMPILATION_CONDITIONS = DEBUG;
				SWIFT_OPTIMIZATION_LEVEL = "-Onone";
			};
			name = Debug;
		};
		49B039622944429F003B7C53 /* Release */ = {
			isa = XCBuildConfiguration;
			buildSettings = {
				ALWAYS_SEARCH_USER_PATHS = NO;
				ASSETCATALOG_COMPILER_GENERATE_SWIFT_ASSET_SYMBOL_EXTENSIONS = YES;
				CLANG_ANALYZER_NONNULL = YES;
				CLANG_ANALYZER_NUMBER_OBJECT_CONVERSION = YES_AGGRESSIVE;
				CLANG_CXX_LANGUAGE_STANDARD = "gnu++20";
				CLANG_ENABLE_MODULES = YES;
				CLANG_ENABLE_OBJC_ARC = YES;
				CLANG_ENABLE_OBJC_WEAK = YES;
				CLANG_WARN_BLOCK_CAPTURE_AUTORELEASING = YES;
				CLANG_WARN_BOOL_CONVERSION = YES;
				CLANG_WARN_COMMA = YES;
				CLANG_WARN_CONSTANT_CONVERSION = YES;
				CLANG_WARN_DEPRECATED_OBJC_IMPLEMENTATIONS = YES;
				CLANG_WARN_DIRECT_OBJC_ISA_USAGE = YES_ERROR;
				CLANG_WARN_DOCUMENTATION_COMMENTS = YES;
				CLANG_WARN_EMPTY_BODY = YES;
				CLANG_WARN_ENUM_CONVERSION = YES;
				CLANG_WARN_INFINITE_RECURSION = YES;
				CLANG_WARN_INT_CONVERSION = YES;
				CLANG_WARN_NON_LITERAL_NULL_CONVERSION = YES;
				CLANG_WARN_OBJC_IMPLICIT_RETAIN_SELF = YES;
				CLANG_WARN_OBJC_LITERAL_CONVERSION = YES;
				CLANG_WARN_OBJC_ROOT_CLASS = YES_ERROR;
				CLANG_WARN_QUOTED_INCLUDE_IN_FRAMEWORK_HEADER = YES;
				CLANG_WARN_RANGE_LOOP_ANALYSIS = YES;
				CLANG_WARN_STRICT_PROTOTYPES = YES;
				CLANG_WARN_SUSPICIOUS_MOVE = YES;
				CLANG_WARN_UNGUARDED_AVAILABILITY = YES_AGGRESSIVE;
				CLANG_WARN_UNREACHABLE_CODE = YES;
				CLANG_WARN__DUPLICATE_METHOD_MATCH = YES;
				COPY_PHASE_STRIP = NO;
				DEAD_CODE_STRIPPING = YES;
				DEBUG_INFORMATION_FORMAT = "dwarf-with-dsym";
				ENABLE_NS_ASSERTIONS = NO;
				ENABLE_STRICT_OBJC_MSGSEND = YES;
				GCC_C_LANGUAGE_STANDARD = gnu11;
				GCC_NO_COMMON_BLOCKS = YES;
				GCC_WARN_64_TO_32_BIT_CONVERSION = YES;
				GCC_WARN_ABOUT_DEPRECATED_FUNCTIONS = YES;
				GCC_WARN_ABOUT_RETURN_TYPE = YES_ERROR;
				GCC_WARN_UNDECLARED_SELECTOR = YES;
				GCC_WARN_UNINITIALIZED_AUTOS = YES_AGGRESSIVE;
				GCC_WARN_UNUSED_FUNCTION = YES;
				GCC_WARN_UNUSED_VARIABLE = YES;
				MACOSX_DEPLOYMENT_TARGET = 14.0;
				MTL_ENABLE_DEBUG_INFO = NO;
				MTL_FAST_MATH = YES;
				SDKROOT = macosx;
				SWIFT_COMPILATION_MODE = wholemodule;
				SWIFT_OPTIMIZATION_LEVEL = "-O";
			};
			name = Release;
		};
		49B039642944429F003B7C53 /* Debug */ = {
			isa = XCBuildConfiguration;
			buildSettings = {
				ASSETCATALOG_COMPILER_APPICON_NAME = AppIcon;
				ASSETCATALOG_COMPILER_GLOBAL_ACCENT_COLOR_NAME = AccentColor;
				ASSETCATALOG_COMPILER_INCLUDE_ALL_APPICON_ASSETS = YES;
				CODE_SIGN_ENTITLEMENTS = GeoTag/GeoTag.entitlements;
				CODE_SIGN_IDENTITY = "-";
				"CODE_SIGN_IDENTITY[sdk=macosx*]" = "Apple Development";
				CODE_SIGN_STYLE = Automatic;
				COMBINE_HIDPI_IMAGES = YES;
				CURRENT_PROJECT_VERSION = 1;
				DEAD_CODE_STRIPPING = YES;
				DEVELOPMENT_ASSET_PATHS = "\"GeoTag/Preview Content\"";
				DEVELOPMENT_TEAM = A3UXBEBE8Z;
				ENABLE_HARDENED_RUNTIME = YES;
				ENABLE_PREVIEWS = YES;
				GENERATE_INFOPLIST_FILE = YES;
				INFOPLIST_FILE = GeoTag/Info.plist;
				INFOPLIST_KEY_CFBundleDisplayName = GeoTag;
				INFOPLIST_KEY_LSApplicationCategoryType = "public.app-category.photography";
				INFOPLIST_KEY_NSHumanReadableCopyright = "Copyright © 2022,2023 Marco S Hyman";
				LD_RUNPATH_SEARCH_PATHS = (
					"$(inherited)",
					"@executable_path/../Frameworks",
				);
				MACOSX_DEPLOYMENT_TARGET = 14.0;
				MARKETING_VERSION = 1.0;
				PRODUCT_BUNDLE_IDENTIFIER = org.snafu.GeoTag;
				PRODUCT_NAME = "$(TARGET_NAME)";
				SWIFT_EMIT_LOC_STRINGS = YES;
				SWIFT_VERSION = 5.0;
			};
			name = Debug;
		};
		49B039652944429F003B7C53 /* Release */ = {
			isa = XCBuildConfiguration;
			buildSettings = {
				ASSETCATALOG_COMPILER_APPICON_NAME = AppIcon;
				ASSETCATALOG_COMPILER_GLOBAL_ACCENT_COLOR_NAME = AccentColor;
				ASSETCATALOG_COMPILER_INCLUDE_ALL_APPICON_ASSETS = YES;
				CODE_SIGN_ENTITLEMENTS = GeoTag/GeoTag.entitlements;
				CODE_SIGN_IDENTITY = "-";
				"CODE_SIGN_IDENTITY[sdk=macosx*]" = "Apple Development";
				CODE_SIGN_STYLE = Automatic;
				COMBINE_HIDPI_IMAGES = YES;
				CURRENT_PROJECT_VERSION = 1;
				DEAD_CODE_STRIPPING = YES;
				DEVELOPMENT_ASSET_PATHS = "\"GeoTag/Preview Content\"";
				DEVELOPMENT_TEAM = A3UXBEBE8Z;
				ENABLE_HARDENED_RUNTIME = YES;
				ENABLE_PREVIEWS = YES;
				GENERATE_INFOPLIST_FILE = YES;
				INFOPLIST_FILE = GeoTag/Info.plist;
				INFOPLIST_KEY_CFBundleDisplayName = GeoTag;
				INFOPLIST_KEY_LSApplicationCategoryType = "public.app-category.photography";
				INFOPLIST_KEY_NSHumanReadableCopyright = "Copyright © 2022,2023 Marco S Hyman";
				LD_RUNPATH_SEARCH_PATHS = (
					"$(inherited)",
					"@executable_path/../Frameworks",
				);
				MACOSX_DEPLOYMENT_TARGET = 14.0;
				MARKETING_VERSION = 1.0;
				PRODUCT_BUNDLE_IDENTIFIER = org.snafu.GeoTag;
				PRODUCT_NAME = "$(TARGET_NAME)";
				SWIFT_EMIT_LOC_STRINGS = YES;
				SWIFT_VERSION = 5.0;
			};
			name = Release;
		};
/* End XCBuildConfiguration section */

/* Begin XCConfigurationList section */
		49B0394F2944429E003B7C53 /* Build configuration list for PBXProject "GeoTag" */ = {
			isa = XCConfigurationList;
			buildConfigurations = (
				49B039612944429F003B7C53 /* Debug */,
				49B039622944429F003B7C53 /* Release */,
			);
			defaultConfigurationIsVisible = 0;
			defaultConfigurationName = Release;
		};
		49B039632944429F003B7C53 /* Build configuration list for PBXNativeTarget "GeoTag" */ = {
			isa = XCConfigurationList;
			buildConfigurations = (
				49B039642944429F003B7C53 /* Debug */,
				49B039652944429F003B7C53 /* Release */,
			);
			defaultConfigurationIsVisible = 0;
			defaultConfigurationName = Release;
		};
/* End XCConfigurationList section */
	};
	rootObject = 49B0394C2944429E003B7C53 /* Project object */;
}
